# @generated by Move, please check-in and do not edit manually.

[move]
version = 3
manifest_digest = "C54ED393ACB403356B5FD219947C5C8735CBF5CF0D32C5999B8F4235104C1A01"
deps_digest = "F8BBB0CCB2491CA29A3DF03D6F92277A4F3574266507ACD77214D37ECA3F3082"
dependencies = [
  { id = "Sui", name = "Sui" },
]

[[move.package]]
id = "MoveStdlib"
source = { git = "https://github.com/MystenLabs/sui.git", rev = "framework/testnet", subdir = "crates/sui-framework/packages/move-stdlib" }

[[move.package]]
id = "Sui"
source = { git = "https://github.com/MystenLabs/sui.git", rev = "framework/testnet", subdir = "crates/sui-framework/packages/sui-framework" }

dependencies = [
  { id = "MoveStdlib", name = "MoveStdlib" },
]

[move.toolchain-version]
compiler-version = "1.46.0"
edition = "2024.beta"
flavor = "sui"

[env]

[env.testnet]
chain-id = "4c78adac"
original-published-id = "0x92c0b3c5617280049a49f7ff09a638d5c54ec276d6c40c30af4c17688b13f2c6"
latest-published-id = "0x92c0b3c5617280049a49f7ff09a638d5c54ec276d6c40c30af4c17688b13f2c6"
published-version = "1"
